
Microsoft Visual Studio Solution File, Format Version 12.00
# Visual Studio Version 17
VisualStudioVersion = 17.8.34330.188
MinimumVisualStudioVersion = 10.0.40219.1
Project("{FAE04EC0-301F-11D3-BF4B-00C04F79EFBC}") = "FortuneTeller", "FortuneTeller\FortuneTeller.csproj", "{169B751D-54D9-4B7E-BC7C-ED96983662BF}"
EndProject
Project("{FAE04EC0-301F-11D3-BF4B-00C04F79EFBC}") = "FortuneTellerTest", "FortuneTellerTest\FortuneTellerTest.csproj", "{FD5F040C-83F2-49D6-91DA-65D7255168BF}"
EndProject
Project("{2150E333-8FDC-42A3-9474-1A3956D46DE8}") = "Documents", "Documents", "{BDCB6DF6-0C71-4852-AE61-18653DEBC55F}"
	ProjectSection(SolutionItems) = preProject
		README.md = README.md
	EndProjectSection
EndProject
Global
	GlobalSection(SolutionConfigurationPlatforms) = preSolution
		Debug|Any CPU = Debug|Any CPU
		Release|Any CPU = Release|Any CPU
	EndGlobalSection
	GlobalSection(ProjectConfigurationPlatforms) = postSolution
		{169B751D-54D9-4B7E-BC7C-ED96983662BF}.Debug|Any CPU.ActiveCfg = Debug|Any CPU
		{169B751D-54D9-4B7E-BC7C-ED96983662BF}.Debug|Any CPU.Build.0 = Debug|Any CPU
		{169B751D-54D9-4B7E-BC7C-ED96983662BF}.Release|Any CPU.ActiveCfg = Release|Any CPU
		{169B751D-54D9-4B7E-BC7C-ED96983662BF}.Release|Any CPU.Build.0 = Release|Any CPU
		{FD5F040C-83F2-49D6-91DA-65D7255168BF}.Debug|Any CPU.ActiveCfg = Debug|Any CPU
		{FD5F040C-83F2-49D6-91DA-65D7255168BF}.Debug|Any CPU.Build.0 = Debug|Any CPU
		{FD5F040C-83F2-49D6-91DA-65D7255168BF}.Release|Any CPU.ActiveCfg = Release|Any CPU
		{FD5F040C-83F2-49D6-91DA-65D7255168BF}.Release|Any CPU.Build.0 = Release|Any CPU
	EndGlobalSection
	GlobalSection(SolutionProperties) = preSolution
		HideSolutionNode = FALSE
	EndGlobalSection
	GlobalSection(ExtensibilityGlobals) = postSolution
		SolutionGuid = {DE9CDE73-B279-40D5-B19E-CBB4D8E29688}
	EndGlobalSection
EndGlobal
